// !$*UTF8*$!
{
	archiveVersion = 1;
	classes = {
	};
	objectVersion = 51;
	objects = {

/* Begin PBXBuildFile section */
		799EF9D923C77055F16B8907 /* Pods_hpd_ios_demosTests.framework in Frameworks */ = {isa = PBXBuildFile; fileRef = E44CBC3BCE68E03EF91AAB70 /* Pods_hpd_ios_demosTests.framework */; };
		91D51BFC0126D1AFB64EC3DB /* Pods_hpd_ios_demos.framework in Frameworks */ = {isa = PBXBuildFile; fileRef = AEC5711D024FC33AC97AD673 /* Pods_hpd_ios_demos.framework */; };
		EA109E9C2469248D009291B9 /* ChatMessageTableViewCell.swift in Sources */ = {isa = PBXBuildFile; fileRef = EA109E9B2469248D009291B9 /* ChatMessageTableViewCell.swift */; };
		EA109E9F24693170009291B9 /* HuanTuoLiveViewController.swift in Sources */ = {isa = PBXBuildFile; fileRef = EA109E9E24693170009291B9 /* HuanTuoLiveViewController.swift */; };
		EA12789E24691D5C005B2685 /* ChatMessageEntity.swift in Sources */ = {isa = PBXBuildFile; fileRef = EA12789D24691D5C005B2685 /* ChatMessageEntity.swift */; };
		EA12DF3524134B5A00369941 /* HCPTabBarController.swift in Sources */ = {isa = PBXBuildFile; fileRef = EA12DF3424134B5A00369941 /* HCPTabBarController.swift */; };
		EA12DF3724139C1D00369941 /* HCPTabBarItemView.swift in Sources */ = {isa = PBXBuildFile; fileRef = EA12DF3624139C1D00369941 /* HCPTabBarItemView.swift */; };
		EA158AD723C88366004C0E73 /* HCPLazyLoadScrollView.swift in Sources */ = {isa = PBXBuildFile; fileRef = EA158AD623C88366004C0E73 /* HCPLazyLoadScrollView.swift */; };
		EA199C3D242DAFEE0028D595 /* TitlePagerView.swift in Sources */ = {isa = PBXBuildFile; fileRef = EA199C3C242DAFEE0028D595 /* TitlePagerView.swift */; };
		EA235E5C23654A4D0033EAE0 /* BezierPathViewController.swift in Sources */ = {isa = PBXBuildFile; fileRef = EA235E5B23654A4D0033EAE0 /* BezierPathViewController.swift */; };
		EA235E5E23654AE80033EAE0 /* BezierDemoView.swift in Sources */ = {isa = PBXBuildFile; fileRef = EA235E5D23654AE80033EAE0 /* BezierDemoView.swift */; };
		EA3456E2246549EA00E45F5C /* HuanTuoViewController.swift in Sources */ = {isa = PBXBuildFile; fileRef = EA3456E1246549EA00E45F5C /* HuanTuoViewController.swift */; };
		EA3456E52465554200E45F5C /* TalkfunSDKFramework.framework in Frameworks */ = {isa = PBXBuildFile; fileRef = EA3456E42465554200E45F5C /* TalkfunSDKFramework.framework */; };
		EA40081E260C72D700B371B3 /* SynthesisScoreViewController.swift in Sources */ = {isa = PBXBuildFile; fileRef = EA40081D260C72D700B371B3 /* SynthesisScoreViewController.swift */; };
		EA400826260C72F000B371B3 /* SynthesisScoreView.swift in Sources */ = {isa = PBXBuildFile; fileRef = EA400825260C72F000B371B3 /* SynthesisScoreView.swift */; };
		EA482E942417D8CE0064CBB6 /* HCPNavigation1ViewController.swift in Sources */ = {isa = PBXBuildFile; fileRef = EA482E932417D8CE0064CBB6 /* HCPNavigation1ViewController.swift */; };
		EA482E962417E6BC0064CBB6 /* BaseViewWithNavBarController.swift in Sources */ = {isa = PBXBuildFile; fileRef = EA482E952417E6BC0064CBB6 /* BaseViewWithNavBarController.swift */; };
		EA482E982417F0BB0064CBB6 /* HCPNavigation2ViewController.swift in Sources */ = {isa = PBXBuildFile; fileRef = EA482E972417F0BB0064CBB6 /* HCPNavigation2ViewController.swift */; };
		EA482E9A241915B20064CBB6 /* BaseNavigationViewController.swift in Sources */ = {isa = PBXBuildFile; fileRef = EA482E99241915B20064CBB6 /* BaseNavigationViewController.swift */; };
		EA482E9D241931F40064CBB6 /* BaseViewController.swift in Sources */ = {isa = PBXBuildFile; fileRef = EA482E9C241931F40064CBB6 /* BaseViewController.swift */; };
		EA52B7FA2322287900E1A91F /* CardViewController.swift in Sources */ = {isa = PBXBuildFile; fileRef = EA52B7F82322287900E1A91F /* CardViewController.swift */; };
		EA52B7FB2322287900E1A91F /* CardViewController.xib in Resources */ = {isa = PBXBuildFile; fileRef = EA52B7F92322287900E1A91F /* CardViewController.xib */; };
		EA52B7FD232228F500E1A91F /* CardView.swift in Sources */ = {isa = PBXBuildFile; fileRef = EA52B7FC232228F500E1A91F /* CardView.swift */; };
		EA6110AF24193A9C001E2139 /* UIDevice+Extensions.swift in Sources */ = {isa = PBXBuildFile; fileRef = EA6110AE24193A9C001E2139 /* UIDevice+Extensions.swift */; };
		EA64178023CC7166007BE209 /* SkeletonViewController.swift in Sources */ = {isa = PBXBuildFile; fileRef = EA64177F23CC7166007BE209 /* SkeletonViewController.swift */; };
		EA65CEE823D439FE007FC7BC /* Page1ViewController.swift in Sources */ = {isa = PBXBuildFile; fileRef = EA65CEE723D439FE007FC7BC /* Page1ViewController.swift */; };
		EA65CEEA23D43A22007FC7BC /* Page2ViewController.swift in Sources */ = {isa = PBXBuildFile; fileRef = EA65CEE923D43A22007FC7BC /* Page2ViewController.swift */; };
		EA6D7DDD232A447A009A989C /* HCPRefreshViewController.swift in Sources */ = {isa = PBXBuildFile; fileRef = EA6D7DDB232A447A009A989C /* HCPRefreshViewController.swift */; };
		EA6D7DDE232A447A009A989C /* HCPRefreshViewController.xib in Resources */ = {isa = PBXBuildFile; fileRef = EA6D7DDC232A447A009A989C /* HCPRefreshViewController.xib */; };
		EA6D7DE1232A46BE009A989C /* MainTabBarController.swift in Sources */ = {isa = PBXBuildFile; fileRef = EA6D7DDF232A46BD009A989C /* MainTabBarController.swift */; };
		EA6D7DE2232A46BE009A989C /* MainTabBarController.xib in Resources */ = {isa = PBXBuildFile; fileRef = EA6D7DE0232A46BE009A989C /* MainTabBarController.xib */; };
		EA6D7DE4232A4927009A989C /* HCPTouchView.swift in Sources */ = {isa = PBXBuildFile; fileRef = EA6D7DE3232A4927009A989C /* HCPTouchView.swift */; };
		EAAED36C235969A300D714D0 /* HCPTouchTableView.swift in Sources */ = {isa = PBXBuildFile; fileRef = EAAED36B235969A300D714D0 /* HCPTouchTableView.swift */; };
		EAB5BEA52359A45A00A83B19 /* HCPTouchScrollView.swift in Sources */ = {isa = PBXBuildFile; fileRef = EAB5BEA42359A45A00A83B19 /* HCPTouchScrollView.swift */; };
		EAB5BEA92359AB4700A83B19 /* HCPTouch2TableView.swift in Sources */ = {isa = PBXBuildFile; fileRef = EAB5BEA82359AB4700A83B19 /* HCPTouch2TableView.swift */; };
		EAB5BEAB235AA65B00A83B19 /* HCTapGestureRecognizer.swift in Sources */ = {isa = PBXBuildFile; fileRef = EAB5BEAA235AA65B00A83B19 /* HCTapGestureRecognizer.swift */; };
		EAB5BEAD235AAEB500A83B19 /* HCPTouchTableViewCell.swift in Sources */ = {isa = PBXBuildFile; fileRef = EAB5BEAC235AAEB500A83B19 /* HCPTouchTableViewCell.swift */; };
		EAB5BEB0235AEE2C00A83B19 /* HCPHomeViewController.swift in Sources */ = {isa = PBXBuildFile; fileRef = EAB5BEAE235AEE2C00A83B19 /* HCPHomeViewController.swift */; };
		EAB5BEB1235AEE2C00A83B19 /* HCPHomeViewController.xib in Resources */ = {isa = PBXBuildFile; fileRef = EAB5BEAF235AEE2C00A83B19 /* HCPHomeViewController.xib */; };
		EAF2F8F623C820EE002DAF6F /* LazyLoadViewController.swift in Sources */ = {isa = PBXBuildFile; fileRef = EAF2F8F523C820EE002DAF6F /* LazyLoadViewController.swift */; };
		EAF2F8F823C822A9002DAF6F /* HCPLazyLoadViewController.swift in Sources */ = {isa = PBXBuildFile; fileRef = EAF2F8F723C822A9002DAF6F /* HCPLazyLoadViewController.swift */; };
		EAFC764B231EAFEF00F528D3 /* AppDelegate.swift in Sources */ = {isa = PBXBuildFile; fileRef = EAFC764A231EAFEF00F528D3 /* AppDelegate.swift */; };
		EAFC764D231EAFEF00F528D3 /* ViewController.swift in Sources */ = {isa = PBXBuildFile; fileRef = EAFC764C231EAFEF00F528D3 /* ViewController.swift */; };
		EAFC7650231EAFEF00F528D3 /* Main.storyboard in Resources */ = {isa = PBXBuildFile; fileRef = EAFC764E231EAFEF00F528D3 /* Main.storyboard */; };
		EAFC7653231EAFEF00F528D3 /* hpd_ios_demos.xcdatamodeld in Sources */ = {isa = PBXBuildFile; fileRef = EAFC7651231EAFEF00F528D3 /* hpd_ios_demos.xcdatamodeld */; };
		EAFC7655231EAFF100F528D3 /* Assets.xcassets in Resources */ = {isa = PBXBuildFile; fileRef = EAFC7654231EAFF100F528D3 /* Assets.xcassets */; };
		EAFC7658231EAFF100F528D3 /* LaunchScreen.storyboard in Resources */ = {isa = PBXBuildFile; fileRef = EAFC7656231EAFF100F528D3 /* LaunchScreen.storyboard */; };
		EAFC7663231EAFF100F528D3 /* hpd_ios_demosTests.swift in Sources */ = {isa = PBXBuildFile; fileRef = EAFC7662231EAFF100F528D3 /* hpd_ios_demosTests.swift */; };
		EAFC766E231EAFF100F528D3 /* hpd_ios_demosUITests.swift in Sources */ = {isa = PBXBuildFile; fileRef = EAFC766D231EAFF100F528D3 /* hpd_ios_demosUITests.swift */; };
		EAFC767E231EB0E000F528D3 /* RichTextViewController.swift in Sources */ = {isa = PBXBuildFile; fileRef = EAFC767C231EB0E000F528D3 /* RichTextViewController.swift */; };
		EAFC767F231EB0E000F528D3 /* RichTextViewController.xib in Resources */ = {isa = PBXBuildFile; fileRef = EAFC767D231EB0E000F528D3 /* RichTextViewController.xib */; };
		EAFC7683231EB32200F528D3 /* AutoWrapViewController.swift in Sources */ = {isa = PBXBuildFile; fileRef = EAFC7681231EB32200F528D3 /* AutoWrapViewController.swift */; };
		EAFC7684231EB32200F528D3 /* AutoWrapViewController.xib in Resources */ = {isa = PBXBuildFile; fileRef = EAFC7682231EB32200F528D3 /* AutoWrapViewController.xib */; };
		EAFC7688231EB3B700F528D3 /* LayoutViewController.swift in Sources */ = {isa = PBXBuildFile; fileRef = EAFC7686231EB3B700F528D3 /* LayoutViewController.swift */; };
		EAFC7689231EB3B700F528D3 /* LayoutViewController.xib in Resources */ = {isa = PBXBuildFile; fileRef = EAFC7687231EB3B700F528D3 /* LayoutViewController.xib */; };
		EAFC768B231EB8F200F528D3 /* AutoWrapView.swift in Sources */ = {isa = PBXBuildFile; fileRef = EAFC768A231EB8F200F528D3 /* AutoWrapView.swift */; };
		EAFE9F4B24512D3000E1443D /* VideoViewController.swift in Sources */ = {isa = PBXBuildFile; fileRef = EAFE9F4A24512D3000E1443D /* VideoViewController.swift */; };
		F7A1C99EBA20E244913B24E4 /* Pods_hpd_ios_demosUITests.framework in Frameworks */ = {isa = PBXBuildFile; fileRef = F2B4230C37E173642F5D4244 /* Pods_hpd_ios_demosUITests.framework */; };
/* End PBXBuildFile section */

/* Begin PBXContainerItemProxy section */
		EAFC765F231EAFF100F528D3 /* PBXContainerItemProxy */ = {
			isa = PBXContainerItemProxy;
			containerPortal = EAFC763F231EAFEF00F528D3 /* Project object */;
			proxyType = 1;
			remoteGlobalIDString = EAFC7646231EAFEF00F528D3;
			remoteInfo = hpd_ios_demos;
		};
		EAFC766A231EAFF100F528D3 /* PBXContainerItemProxy */ = {
			isa = PBXContainerItemProxy;
			containerPortal = EAFC763F231EAFEF00F528D3 /* Project object */;
			proxyType = 1;
			remoteGlobalIDString = EAFC7646231EAFEF00F528D3;
			remoteInfo = hpd_ios_demos;
		};
/* End PBXContainerItemProxy section */

/* Begin PBXFileReference section */
		193169E67C48570606F4B3E2 /* Pods-hpd_ios_demosTests.debug.xcconfig */ = {isa = PBXFileReference; includeInIndex = 1; lastKnownFileType = text.xcconfig; name = "Pods-hpd_ios_demosTests.debug.xcconfig"; path = "Target Support Files/Pods-hpd_ios_demosTests/Pods-hpd_ios_demosTests.debug.xcconfig"; sourceTree = "<group>"; };
		1AD3A105B76DADA9BA10A235 /* Pods-hpd_ios_demosUITests.debug.xcconfig */ = {isa = PBXFileReference; includeInIndex = 1; lastKnownFileType = text.xcconfig; name = "Pods-hpd_ios_demosUITests.debug.xcconfig"; path = "Target Support Files/Pods-hpd_ios_demosUITests/Pods-hpd_ios_demosUITests.debug.xcconfig"; sourceTree = "<group>"; };
		3ED900945ADB28CC0C810A8B /* Pods-hpd_ios_demos.release.xcconfig */ = {isa = PBXFileReference; includeInIndex = 1; lastKnownFileType = text.xcconfig; name = "Pods-hpd_ios_demos.release.xcconfig"; path = "Target Support Files/Pods-hpd_ios_demos/Pods-hpd_ios_demos.release.xcconfig"; sourceTree = "<group>"; };
		424F50F5826DDA0CB246EB47 /* Pods-hpd_ios_demosUITests.release.xcconfig */ = {isa = PBXFileReference; includeInIndex = 1; lastKnownFileType = text.xcconfig; name = "Pods-hpd_ios_demosUITests.release.xcconfig"; path = "Target Support Files/Pods-hpd_ios_demosUITests/Pods-hpd_ios_demosUITests.release.xcconfig"; sourceTree = "<group>"; };
		737BD3B8885DE3E3E6E673DE /* Pods-hpd_ios_demos.debug.xcconfig */ = {isa = PBXFileReference; includeInIndex = 1; lastKnownFileType = text.xcconfig; name = "Pods-hpd_ios_demos.debug.xcconfig"; path = "Target Support Files/Pods-hpd_ios_demos/Pods-hpd_ios_demos.debug.xcconfig"; sourceTree = "<group>"; };
		AEC5711D024FC33AC97AD673 /* Pods_hpd_ios_demos.framework */ = {isa = PBXFileReference; explicitFileType = wrapper.framework; includeInIndex = 0; path = Pods_hpd_ios_demos.framework; sourceTree = BUILT_PRODUCTS_DIR; };
		B44A56D20E0AEB24B80BA24C /* Pods-hpd_ios_demosTests.release.xcconfig */ = {isa = PBXFileReference; includeInIndex = 1; lastKnownFileType = text.xcconfig; name = "Pods-hpd_ios_demosTests.release.xcconfig"; path = "Target Support Files/Pods-hpd_ios_demosTests/Pods-hpd_ios_demosTests.release.xcconfig"; sourceTree = "<group>"; };
		E44CBC3BCE68E03EF91AAB70 /* Pods_hpd_ios_demosTests.framework */ = {isa = PBXFileReference; explicitFileType = wrapper.framework; includeInIndex = 0; path = Pods_hpd_ios_demosTests.framework; sourceTree = BUILT_PRODUCTS_DIR; };
		EA109E9B2469248D009291B9 /* ChatMessageTableViewCell.swift */ = {isa = PBXFileReference; lastKnownFileType = sourcecode.swift; path = ChatMessageTableViewCell.swift; sourceTree = "<group>"; };
		EA109E9E24693170009291B9 /* HuanTuoLiveViewController.swift */ = {isa = PBXFileReference; lastKnownFileType = sourcecode.swift; path = HuanTuoLiveViewController.swift; sourceTree = "<group>"; };
		EA12789D24691D5C005B2685 /* ChatMessageEntity.swift */ = {isa = PBXFileReference; lastKnownFileType = sourcecode.swift; path = ChatMessageEntity.swift; sourceTree = "<group>"; };
		EA12DF3424134B5A00369941 /* HCPTabBarController.swift */ = {isa = PBXFileReference; lastKnownFileType = sourcecode.swift; path = HCPTabBarController.swift; sourceTree = "<group>"; };
		EA12DF3624139C1D00369941 /* HCPTabBarItemView.swift */ = {isa = PBXFileReference; lastKnownFileType = sourcecode.swift; path = HCPTabBarItemView.swift; sourceTree = "<group>"; };
		EA158AD623C88366004C0E73 /* HCPLazyLoadScrollView.swift */ = {isa = PBXFileReference; lastKnownFileType = sourcecode.swift; path = HCPLazyLoadScrollView.swift; sourceTree = "<group>"; };
		EA199C3C242DAFEE0028D595 /* TitlePagerView.swift */ = {isa = PBXFileReference; lastKnownFileType = sourcecode.swift; path = TitlePagerView.swift; sourceTree = "<group>"; };
		EA1E2EBE24655D7800616A60 /* Header.h */ = {isa = PBXFileReference; lastKnownFileType = sourcecode.c.h; path = Header.h; sourceTree = "<group>"; };
		EA235E5B23654A4D0033EAE0 /* BezierPathViewController.swift */ = {isa = PBXFileReference; lastKnownFileType = sourcecode.swift; path = BezierPathViewController.swift; sourceTree = "<group>"; };
		EA235E5D23654AE80033EAE0 /* BezierDemoView.swift */ = {isa = PBXFileReference; lastKnownFileType = sourcecode.swift; path = BezierDemoView.swift; sourceTree = "<group>"; };
		EA3456E1246549EA00E45F5C /* HuanTuoViewController.swift */ = {isa = PBXFileReference; lastKnownFileType = sourcecode.swift; path = HuanTuoViewController.swift; sourceTree = "<group>"; };
		EA3456E42465554200E45F5C /* TalkfunSDKFramework.framework */ = {isa = PBXFileReference; lastKnownFileType = wrapper.framework; path = TalkfunSDKFramework.framework; sourceTree = "<group>"; };
		EA40081D260C72D700B371B3 /* SynthesisScoreViewController.swift */ = {isa = PBXFileReference; lastKnownFileType = sourcecode.swift; path = SynthesisScoreViewController.swift; sourceTree = "<group>"; };
		EA400825260C72F000B371B3 /* SynthesisScoreView.swift */ = {isa = PBXFileReference; lastKnownFileType = sourcecode.swift; path = SynthesisScoreView.swift; sourceTree = "<group>"; };
		EA482E932417D8CE0064CBB6 /* HCPNavigation1ViewController.swift */ = {isa = PBXFileReference; lastKnownFileType = sourcecode.swift; path = HCPNavigation1ViewController.swift; sourceTree = "<group>"; };
		EA482E952417E6BC0064CBB6 /* BaseViewWithNavBarController.swift */ = {isa = PBXFileReference; lastKnownFileType = sourcecode.swift; path = BaseViewWithNavBarController.swift; sourceTree = "<group>"; };
		EA482E972417F0BB0064CBB6 /* HCPNavigation2ViewController.swift */ = {isa = PBXFileReference; lastKnownFileType = sourcecode.swift; path = HCPNavigation2ViewController.swift; sourceTree = "<group>"; };
		EA482E99241915B20064CBB6 /* BaseNavigationViewController.swift */ = {isa = PBXFileReference; lastKnownFileType = sourcecode.swift; path = BaseNavigationViewController.swift; sourceTree = "<group>"; };
		EA482E9C241931F40064CBB6 /* BaseViewController.swift */ = {isa = PBXFileReference; lastKnownFileType = sourcecode.swift; path = BaseViewController.swift; sourceTree = "<group>"; };
		EA52B7F82322287900E1A91F /* CardViewController.swift */ = {isa = PBXFileReference; lastKnownFileType = sourcecode.swift; path = CardViewController.swift; sourceTree = "<group>"; };
		EA52B7F92322287900E1A91F /* CardViewController.xib */ = {isa = PBXFileReference; lastKnownFileType = file.xib; path = CardViewController.xib; sourceTree = "<group>"; };
		EA52B7FC232228F500E1A91F /* CardView.swift */ = {isa = PBXFileReference; lastKnownFileType = sourcecode.swift; path = CardView.swift; sourceTree = "<group>"; };
		EA6110AE24193A9C001E2139 /* UIDevice+Extensions.swift */ = {isa = PBXFileReference; fileEncoding = 4; lastKnownFileType = sourcecode.swift; path = "UIDevice+Extensions.swift"; sourceTree = "<group>"; };
		EA64177F23CC7166007BE209 /* SkeletonViewController.swift */ = {isa = PBXFileReference; lastKnownFileType = sourcecode.swift; path = SkeletonViewController.swift; sourceTree = "<group>"; };
		EA65CEE723D439FE007FC7BC /* Page1ViewController.swift */ = {isa = PBXFileReference; lastKnownFileType = sourcecode.swift; path = Page1ViewController.swift; sourceTree = "<group>"; };
		EA65CEE923D43A22007FC7BC /* Page2ViewController.swift */ = {isa = PBXFileReference; lastKnownFileType = sourcecode.swift; path = Page2ViewController.swift; sourceTree = "<group>"; };
		EA6D7DDB232A447A009A989C /* HCPRefreshViewController.swift */ = {isa = PBXFileReference; lastKnownFileType = sourcecode.swift; path = HCPRefreshViewController.swift; sourceTree = "<group>"; };
		EA6D7DDC232A447A009A989C /* HCPRefreshViewController.xib */ = {isa = PBXFileReference; lastKnownFileType = file.xib; path = HCPRefreshViewController.xib; sourceTree = "<group>"; };
		EA6D7DDF232A46BD009A989C /* MainTabBarController.swift */ = {isa = PBXFileReference; lastKnownFileType = sourcecode.swift; path = MainTabBarController.swift; sourceTree = "<group>"; };
		EA6D7DE0232A46BE009A989C /* MainTabBarController.xib */ = {isa = PBXFileReference; lastKnownFileType = file.xib; path = MainTabBarController.xib; sourceTree = "<group>"; };
		EA6D7DE3232A4927009A989C /* HCPTouchView.swift */ = {isa = PBXFileReference; lastKnownFileType = sourcecode.swift; path = HCPTouchView.swift; sourceTree = "<group>"; };
		EAAED36B235969A300D714D0 /* HCPTouchTableView.swift */ = {isa = PBXFileReference; lastKnownFileType = sourcecode.swift; path = HCPTouchTableView.swift; sourceTree = "<group>"; };
		EAB5BEA42359A45A00A83B19 /* HCPTouchScrollView.swift */ = {isa = PBXFileReference; lastKnownFileType = sourcecode.swift; path = HCPTouchScrollView.swift; sourceTree = "<group>"; };
		EAB5BEA82359AB4700A83B19 /* HCPTouch2TableView.swift */ = {isa = PBXFileReference; lastKnownFileType = sourcecode.swift; path = HCPTouch2TableView.swift; sourceTree = "<group>"; };
		EAB5BEAA235AA65B00A83B19 /* HCTapGestureRecognizer.swift */ = {isa = PBXFileReference; lastKnownFileType = sourcecode.swift; path = HCTapGestureRecognizer.swift; sourceTree = "<group>"; };
		EAB5BEAC235AAEB500A83B19 /* HCPTouchTableViewCell.swift */ = {isa = PBXFileReference; lastKnownFileType = sourcecode.swift; path = HCPTouchTableViewCell.swift; sourceTree = "<group>"; };
		EAB5BEAE235AEE2C00A83B19 /* HCPHomeViewController.swift */ = {isa = PBXFileReference; lastKnownFileType = sourcecode.swift; path = HCPHomeViewController.swift; sourceTree = "<group>"; };
		EAB5BEAF235AEE2C00A83B19 /* HCPHomeViewController.xib */ = {isa = PBXFileReference; lastKnownFileType = file.xib; path = HCPHomeViewController.xib; sourceTree = "<group>"; };
		EAF2F8F523C820EE002DAF6F /* LazyLoadViewController.swift */ = {isa = PBXFileReference; lastKnownFileType = sourcecode.swift; path = LazyLoadViewController.swift; sourceTree = "<group>"; };
		EAF2F8F723C822A9002DAF6F /* HCPLazyLoadViewController.swift */ = {isa = PBXFileReference; lastKnownFileType = sourcecode.swift; path = HCPLazyLoadViewController.swift; sourceTree = "<group>"; };
		EAFC7647231EAFEF00F528D3 /* hpd_ios_demos.app */ = {isa = PBXFileReference; explicitFileType = wrapper.application; includeInIndex = 0; path = hpd_ios_demos.app; sourceTree = BUILT_PRODUCTS_DIR; };
		EAFC764A231EAFEF00F528D3 /* AppDelegate.swift */ = {isa = PBXFileReference; lastKnownFileType = sourcecode.swift; path = AppDelegate.swift; sourceTree = "<group>"; };
		EAFC764C231EAFEF00F528D3 /* ViewController.swift */ = {isa = PBXFileReference; lastKnownFileType = sourcecode.swift; path = ViewController.swift; sourceTree = "<group>"; };
		EAFC764F231EAFEF00F528D3 /* Base */ = {isa = PBXFileReference; lastKnownFileType = file.storyboard; name = Base; path = Base.lproj/Main.storyboard; sourceTree = "<group>"; };
		EAFC7652231EAFEF00F528D3 /* hpd_ios_demos.xcdatamodel */ = {isa = PBXFileReference; lastKnownFileType = wrapper.xcdatamodel; path = hpd_ios_demos.xcdatamodel; sourceTree = "<group>"; };
		EAFC7654231EAFF100F528D3 /* Assets.xcassets */ = {isa = PBXFileReference; lastKnownFileType = folder.assetcatalog; path = Assets.xcassets; sourceTree = "<group>"; };
		EAFC7657231EAFF100F528D3 /* Base */ = {isa = PBXFileReference; lastKnownFileType = file.storyboard; name = Base; path = Base.lproj/LaunchScreen.storyboard; sourceTree = "<group>"; };
		EAFC7659231EAFF100F528D3 /* Info.plist */ = {isa = PBXFileReference; lastKnownFileType = text.plist.xml; path = Info.plist; sourceTree = "<group>"; };
		EAFC765E231EAFF100F528D3 /* hpd_ios_demosTests.xctest */ = {isa = PBXFileReference; explicitFileType = wrapper.cfbundle; includeInIndex = 0; path = hpd_ios_demosTests.xctest; sourceTree = BUILT_PRODUCTS_DIR; };
		EAFC7662231EAFF100F528D3 /* hpd_ios_demosTests.swift */ = {isa = PBXFileReference; lastKnownFileType = sourcecode.swift; path = hpd_ios_demosTests.swift; sourceTree = "<group>"; };
		EAFC7664231EAFF100F528D3 /* Info.plist */ = {isa = PBXFileReference; lastKnownFileType = text.plist.xml; path = Info.plist; sourceTree = "<group>"; };
		EAFC7669231EAFF100F528D3 /* hpd_ios_demosUITests.xctest */ = {isa = PBXFileReference; explicitFileType = wrapper.cfbundle; includeInIndex = 0; path = hpd_ios_demosUITests.xctest; sourceTree = BUILT_PRODUCTS_DIR; };
		EAFC766D231EAFF100F528D3 /* hpd_ios_demosUITests.swift */ = {isa = PBXFileReference; lastKnownFileType = sourcecode.swift; path = hpd_ios_demosUITests.swift; sourceTree = "<group>"; };
		EAFC766F231EAFF100F528D3 /* Info.plist */ = {isa = PBXFileReference; lastKnownFileType = text.plist.xml; path = Info.plist; sourceTree = "<group>"; };
		EAFC767C231EB0E000F528D3 /* RichTextViewController.swift */ = {isa = PBXFileReference; lastKnownFileType = sourcecode.swift; path = RichTextViewController.swift; sourceTree = "<group>"; };
		EAFC767D231EB0E000F528D3 /* RichTextViewController.xib */ = {isa = PBXFileReference; lastKnownFileType = file.xib; path = RichTextViewController.xib; sourceTree = "<group>"; };
		EAFC7681231EB32200F528D3 /* AutoWrapViewController.swift */ = {isa = PBXFileReference; lastKnownFileType = sourcecode.swift; path = AutoWrapViewController.swift; sourceTree = "<group>"; };
		EAFC7682231EB32200F528D3 /* AutoWrapViewController.xib */ = {isa = PBXFileReference; lastKnownFileType = file.xib; path = AutoWrapViewController.xib; sourceTree = "<group>"; };
		EAFC7686231EB3B700F528D3 /* LayoutViewController.swift */ = {isa = PBXFileReference; lastKnownFileType = sourcecode.swift; path = LayoutViewController.swift; sourceTree = "<group>"; };
		EAFC7687231EB3B700F528D3 /* LayoutViewController.xib */ = {isa = PBXFileReference; lastKnownFileType = file.xib; path = LayoutViewController.xib; sourceTree = "<group>"; };
		EAFC768A231EB8F200F528D3 /* AutoWrapView.swift */ = {isa = PBXFileReference; lastKnownFileType = sourcecode.swift; path = AutoWrapView.swift; sourceTree = "<group>"; };
		EAFE9F4A24512D3000E1443D /* VideoViewController.swift */ = {isa = PBXFileReference; lastKnownFileType = sourcecode.swift; path = VideoViewController.swift; sourceTree = "<group>"; };
		F2B4230C37E173642F5D4244 /* Pods_hpd_ios_demosUITests.framework */ = {isa = PBXFileReference; explicitFileType = wrapper.framework; includeInIndex = 0; path = Pods_hpd_ios_demosUITests.framework; sourceTree = BUILT_PRODUCTS_DIR; };
/* End PBXFileReference section */

/* Begin PBXFrameworksBuildPhase section */
		EAFC7644231EAFEF00F528D3 /* Frameworks */ = {
			isa = PBXFrameworksBuildPhase;
			buildActionMask = 2147483647;
			files = (
				EA3456E52465554200E45F5C /* TalkfunSDKFramework.framework in Frameworks */,
				91D51BFC0126D1AFB64EC3DB /* Pods_hpd_ios_demos.framework in Frameworks */,
			);
			runOnlyForDeploymentPostprocessing = 0;
		};
		EAFC765B231EAFF100F528D3 /* Frameworks */ = {
			isa = PBXFrameworksBuildPhase;
			buildActionMask = 2147483647;
			files = (
				799EF9D923C77055F16B8907 /* Pods_hpd_ios_demosTests.framework in Frameworks */,
			);
			runOnlyForDeploymentPostprocessing = 0;
		};
		EAFC7666231EAFF100F528D3 /* Frameworks */ = {
			isa = PBXFrameworksBuildPhase;
			buildActionMask = 2147483647;
			files = (
				F7A1C99EBA20E244913B24E4 /* Pods_hpd_ios_demosUITests.framework in Frameworks */,
			);
			runOnlyForDeploymentPostprocessing = 0;
		};
/* End PBXFrameworksBuildPhase section */

/* Begin PBXGroup section */
		0B0B5D1960BC54202A5415B0 /* Frameworks */ = {
			isa = PBXGroup;
			children = (
				AEC5711D024FC33AC97AD673 /* Pods_hpd_ios_demos.framework */,
				E44CBC3BCE68E03EF91AAB70 /* Pods_hpd_ios_demosTests.framework */,
				F2B4230C37E173642F5D4244 /* Pods_hpd_ios_demosUITests.framework */,
			);
			name = Frameworks;
			sourceTree = "<group>";
		};
		8F11EFFFE88C95D8EA1CA6CC /* Pods */ = {
			isa = PBXGroup;
			children = (
				737BD3B8885DE3E3E6E673DE /* Pods-hpd_ios_demos.debug.xcconfig */,
				3ED900945ADB28CC0C810A8B /* Pods-hpd_ios_demos.release.xcconfig */,
				193169E67C48570606F4B3E2 /* Pods-hpd_ios_demosTests.debug.xcconfig */,
				B44A56D20E0AEB24B80BA24C /* Pods-hpd_ios_demosTests.release.xcconfig */,
				1AD3A105B76DADA9BA10A235 /* Pods-hpd_ios_demosUITests.debug.xcconfig */,
				424F50F5826DDA0CB246EB47 /* Pods-hpd_ios_demosUITests.release.xcconfig */,
			);
			path = Pods;
			sourceTree = "<group>";
		};
		EA109E9D246924EF009291B9 /* 通用 */ = {
			isa = PBXGroup;
			children = (
			);
			path = "通用";
			sourceTree = "<group>";
		};
		EA12DF3224134B3200369941 /* HCP */ = {
			isa = PBXGroup;
			children = (
				EA199C3B242DADC20028D595 /* CustomViews */,
				EA6110AE24193A9C001E2139 /* UIDevice+Extensions.swift */,
				EA482E9B241931E00064CBB6 /* base */,
				EA482E90241686FE0064CBB6 /* HCPNavigation */,
				EA12DF3324134B3F00369941 /* HCPTabBar */,
			);
			path = HCP;
			sourceTree = "<group>";
		};
		EA12DF3324134B3F00369941 /* HCPTabBar */ = {
			isa = PBXGroup;
			children = (
				EA12DF3424134B5A00369941 /* HCPTabBarController.swift */,
				EA12DF3624139C1D00369941 /* HCPTabBarItemView.swift */,
			);
			path = HCPTabBar;
			sourceTree = "<group>";
		};
		EA158AD523C8831A004C0E73 /* code */ = {
			isa = PBXGroup;
			children = (
				EA158AD623C88366004C0E73 /* HCPLazyLoadScrollView.swift */,
				EAF2F8F723C822A9002DAF6F /* HCPLazyLoadViewController.swift */,
			);
			path = code;
			sourceTree = "<group>";
		};
		EA199C3B242DADC20028D595 /* CustomViews */ = {
			isa = PBXGroup;
			children = (
				EA199C3C242DAFEE0028D595 /* TitlePagerView.swift */,
			);
			path = CustomViews;
			sourceTree = "<group>";
		};
		EA235E5A23634C530033EAE0 /* 不规则图形 */ = {
			isa = PBXGroup;
			children = (
				EA235E5B23654A4D0033EAE0 /* BezierPathViewController.swift */,
				EA235E5D23654AE80033EAE0 /* BezierDemoView.swift */,
			);
			path = "不规则图形";
			sourceTree = "<group>";
		};
		EA3456E0246549C300E45F5C /* 欢拓 */ = {
			isa = PBXGroup;
			children = (
				EA12789D24691D5C005B2685 /* ChatMessageEntity.swift */,
				EA3456E32465528700E45F5C /* SDK */,
				EA3456E1246549EA00E45F5C /* HuanTuoViewController.swift */,
				EA109E9B2469248D009291B9 /* ChatMessageTableViewCell.swift */,
				EA109E9E24693170009291B9 /* HuanTuoLiveViewController.swift */,
			);
			path = "欢拓";
			sourceTree = "<group>";
		};
		EA3456E32465528700E45F5C /* SDK */ = {
			isa = PBXGroup;
			children = (
				EA3456E42465554200E45F5C /* TalkfunSDKFramework.framework */,
			);
			path = SDK;
			sourceTree = "<group>";
		};
		EA40081C260C720100B371B3 /* 指标图 */ = {
			isa = PBXGroup;
			children = (
				EA40081D260C72D700B371B3 /* SynthesisScoreViewController.swift */,
				EA400825260C72F000B371B3 /* SynthesisScoreView.swift */,
			);
			path = "指标图";
			sourceTree = "<group>";
		};
		EA482E90241686FE0064CBB6 /* HCPNavigation */ = {
			isa = PBXGroup;
			children = (
				EA482E932417D8CE0064CBB6 /* HCPNavigation1ViewController.swift */,
				EA482E972417F0BB0064CBB6 /* HCPNavigation2ViewController.swift */,
			);
			path = HCPNavigation;
			sourceTree = "<group>";
		};
		EA482E9B241931E00064CBB6 /* base */ = {
			isa = PBXGroup;
			children = (
				EA482E952417E6BC0064CBB6 /* BaseViewWithNavBarController.swift */,
				EA482E99241915B20064CBB6 /* BaseNavigationViewController.swift */,
				EA482E9C241931F40064CBB6 /* BaseViewController.swift */,
			);
			path = base;
			sourceTree = "<group>";
		};
		EA52B7F7232114E300E1A91F /* CardView */ = {
			isa = PBXGroup;
			children = (
				EA52B7F82322287900E1A91F /* CardViewController.swift */,
				EA52B7F92322287900E1A91F /* CardViewController.xib */,
				EA52B7FC232228F500E1A91F /* CardView.swift */,
			);
			path = CardView;
			sourceTree = "<group>";
		};
		EA64177E23CC7036007BE209 /* 加载空白图 */ = {
			isa = PBXGroup;
			children = (
				EA64177F23CC7166007BE209 /* SkeletonViewController.swift */,
			);
			path = "加载空白图";
			sourceTree = "<group>";
		};
		EA6D7DDA232A4459009A989C /* HCP刷新 */ = {
			isa = PBXGroup;
			children = (
				EA6D7DDB232A447A009A989C /* HCPRefreshViewController.swift */,
				EA6D7DDC232A447A009A989C /* HCPRefreshViewController.xib */,
				EA6D7DE3232A4927009A989C /* HCPTouchView.swift */,
				EAAED36B235969A300D714D0 /* HCPTouchTableView.swift */,
				EAB5BEA42359A45A00A83B19 /* HCPTouchScrollView.swift */,
				EAB5BEA82359AB4700A83B19 /* HCPTouch2TableView.swift */,
				EAB5BEAA235AA65B00A83B19 /* HCTapGestureRecognizer.swift */,
				EAB5BEAC235AAEB500A83B19 /* HCPTouchTableViewCell.swift */,
				EAB5BEAE235AEE2C00A83B19 /* HCPHomeViewController.swift */,
				EAB5BEAF235AEE2C00A83B19 /* HCPHomeViewController.xib */,
			);
			path = "HCP刷新";
			sourceTree = "<group>";
		};
		EAEE2B7F24512792006015BB /* 功能 */ = {
			isa = PBXGroup;
			children = (
				EAEE2B80245128BC006015BB /* 播放器 */,
			);
			path = "功能";
			sourceTree = "<group>";
		};
		EAEE2B80245128BC006015BB /* 播放器 */ = {
			isa = PBXGroup;
			children = (
				EAFE9F4A24512D3000E1443D /* VideoViewController.swift */,
			);
			path = "播放器";
			sourceTree = "<group>";
		};
		EAF2F8F323C820BC002DAF6F /* 懒加载控制器 */ = {
			isa = PBXGroup;
			children = (
				EA158AD523C8831A004C0E73 /* code */,
				EAF2F8F523C820EE002DAF6F /* LazyLoadViewController.swift */,
				EA65CEE723D439FE007FC7BC /* Page1ViewController.swift */,
				EA65CEE923D43A22007FC7BC /* Page2ViewController.swift */,
			);
			path = "懒加载控制器";
			sourceTree = "<group>";
		};
		EAFC763E231EAFEF00F528D3 = {
			isa = PBXGroup;
			children = (
				EAFC7649231EAFEF00F528D3 /* hpd_ios_demos */,
				EAFC7661231EAFF100F528D3 /* hpd_ios_demosTests */,
				EAFC766C231EAFF100F528D3 /* hpd_ios_demosUITests */,
				EAFC7648231EAFEF00F528D3 /* Products */,
				8F11EFFFE88C95D8EA1CA6CC /* Pods */,
				0B0B5D1960BC54202A5415B0 /* Frameworks */,
			);
			sourceTree = "<group>";
		};
		EAFC7648231EAFEF00F528D3 /* Products */ = {
			isa = PBXGroup;
			children = (
				EAFC7647231EAFEF00F528D3 /* hpd_ios_demos.app */,
				EAFC765E231EAFF100F528D3 /* hpd_ios_demosTests.xctest */,
				EAFC7669231EAFF100F528D3 /* hpd_ios_demosUITests.xctest */,
			);
			name = Products;
			sourceTree = "<group>";
		};
		EAFC7649231EAFEF00F528D3 /* hpd_ios_demos */ = {
			isa = PBXGroup;
			children = (
				EA109E9D246924EF009291B9 /* 通用 */,
				EA3456E0246549C300E45F5C /* 欢拓 */,
				EAEE2B7F24512792006015BB /* 功能 */,
				EAFC7685231EB36700F528D3 /* 布局 */,
				EAFC764A231EAFEF00F528D3 /* AppDelegate.swift */,
				EAFC764C231EAFEF00F528D3 /* ViewController.swift */,
				EAFC764E231EAFEF00F528D3 /* Main.storyboard */,
				EAFC7654231EAFF100F528D3 /* Assets.xcassets */,
				EAFC7656231EAFF100F528D3 /* LaunchScreen.storyboard */,
				EAFC7659231EAFF100F528D3 /* Info.plist */,
				EAFC7651231EAFEF00F528D3 /* hpd_ios_demos.xcdatamodeld */,
				EA6D7DDF232A46BD009A989C /* MainTabBarController.swift */,
				EA6D7DE0232A46BE009A989C /* MainTabBarController.xib */,
				EA1E2EBE24655D7800616A60 /* Header.h */,
			);
			path = hpd_ios_demos;
			sourceTree = "<group>";
		};
		EAFC7661231EAFF100F528D3 /* hpd_ios_demosTests */ = {
			isa = PBXGroup;
			children = (
				EAFC7662231EAFF100F528D3 /* hpd_ios_demosTests.swift */,
				EAFC7664231EAFF100F528D3 /* Info.plist */,
			);
			path = hpd_ios_demosTests;
			sourceTree = "<group>";
		};
		EAFC766C231EAFF100F528D3 /* hpd_ios_demosUITests */ = {
			isa = PBXGroup;
			children = (
				EAFC766D231EAFF100F528D3 /* hpd_ios_demosUITests.swift */,
				EAFC766F231EAFF100F528D3 /* Info.plist */,
			);
			path = hpd_ios_demosUITests;
			sourceTree = "<group>";
		};
		EAFC767B231EB08300F528D3 /* 富文本 */ = {
			isa = PBXGroup;
			children = (
				EAFC767C231EB0E000F528D3 /* RichTextViewController.swift */,
				EAFC767D231EB0E000F528D3 /* RichTextViewController.xib */,
			);
			path = "富文本";
			sourceTree = "<group>";
		};
		EAFC7680231EB29700F528D3 /* 自动换行布局 */ = {
			isa = PBXGroup;
			children = (
				EAFC7681231EB32200F528D3 /* AutoWrapViewController.swift */,
				EAFC7682231EB32200F528D3 /* AutoWrapViewController.xib */,
				EAFC768A231EB8F200F528D3 /* AutoWrapView.swift */,
			);
			path = "自动换行布局";
			sourceTree = "<group>";
		};
		EAFC7685231EB36700F528D3 /* 布局 */ = {
			isa = PBXGroup;
			children = (
				EA40081C260C720100B371B3 /* 指标图 */,
				EA12DF3224134B3200369941 /* HCP */,
				EA64177E23CC7036007BE209 /* 加载空白图 */,
				EA235E5A23634C530033EAE0 /* 不规则图形 */,
				EAF2F8F323C820BC002DAF6F /* 懒加载控制器 */,
				EA6D7DDA232A4459009A989C /* HCP刷新 */,
				EA52B7F7232114E300E1A91F /* CardView */,
				EAFC767B231EB08300F528D3 /* 富文本 */,
				EAFC7680231EB29700F528D3 /* 自动换行布局 */,
				EAFC7686231EB3B700F528D3 /* LayoutViewController.swift */,
				EAFC7687231EB3B700F528D3 /* LayoutViewController.xib */,
			);
			path = "布局";
			sourceTree = "<group>";
		};
/* End PBXGroup section */

/* Begin PBXNativeTarget section */
		EAFC7646231EAFEF00F528D3 /* hpd_ios_demos */ = {
			isa = PBXNativeTarget;
			buildConfigurationList = EAFC7672231EAFF100F528D3 /* Build configuration list for PBXNativeTarget "hpd_ios_demos" */;
			buildPhases = (
				66878526576DA34D2CA455E5 /* [CP] Check Pods Manifest.lock */,
				EAFC7643231EAFEF00F528D3 /* Sources */,
				EAFC7644231EAFEF00F528D3 /* Frameworks */,
				EAFC7645231EAFEF00F528D3 /* Resources */,
				900BDC46DB70CE218F27ADA5 /* [CP] Embed Pods Frameworks */,
				2CB0FD0DCF05F963567F8A93 /* [CP] Copy Pods Resources */,
			);
			buildRules = (
			);
			dependencies = (
			);
			name = hpd_ios_demos;
			productName = hpd_ios_demos;
			productReference = EAFC7647231EAFEF00F528D3 /* hpd_ios_demos.app */;
			productType = "com.apple.product-type.application";
		};
		EAFC765D231EAFF100F528D3 /* hpd_ios_demosTests */ = {
			isa = PBXNativeTarget;
			buildConfigurationList = EAFC7675231EAFF100F528D3 /* Build configuration list for PBXNativeTarget "hpd_ios_demosTests" */;
			buildPhases = (
				C36CCA1CBB1F74D0FB6E0F46 /* [CP] Check Pods Manifest.lock */,
				EAFC765A231EAFF100F528D3 /* Sources */,
				EAFC765B231EAFF100F528D3 /* Frameworks */,
				EAFC765C231EAFF100F528D3 /* Resources */,
			);
			buildRules = (
			);
			dependencies = (
				EAFC7660231EAFF100F528D3 /* PBXTargetDependency */,
			);
			name = hpd_ios_demosTests;
			productName = hpd_ios_demosTests;
			productReference = EAFC765E231EAFF100F528D3 /* hpd_ios_demosTests.xctest */;
			productType = "com.apple.product-type.bundle.unit-test";
		};
		EAFC7668231EAFF100F528D3 /* hpd_ios_demosUITests */ = {
			isa = PBXNativeTarget;
			buildConfigurationList = EAFC7678231EAFF100F528D3 /* Build configuration list for PBXNativeTarget "hpd_ios_demosUITests" */;
			buildPhases = (
				2C1BE5C46A8DF9FA556B4B2F /* [CP] Check Pods Manifest.lock */,
				EAFC7665231EAFF100F528D3 /* Sources */,
				EAFC7666231EAFF100F528D3 /* Frameworks */,
				EAFC7667231EAFF100F528D3 /* Resources */,
			);
			buildRules = (
			);
			dependencies = (
				EAFC766B231EAFF100F528D3 /* PBXTargetDependency */,
			);
			name = hpd_ios_demosUITests;
			productName = hpd_ios_demosUITests;
			productReference = EAFC7669231EAFF100F528D3 /* hpd_ios_demosUITests.xctest */;
			productType = "com.apple.product-type.bundle.ui-testing";
		};
/* End PBXNativeTarget section */

/* Begin PBXProject section */
		EAFC763F231EAFEF00F528D3 /* Project object */ = {
			isa = PBXProject;
			attributes = {
				LastSwiftUpdateCheck = 1020;
				LastUpgradeCheck = 1020;
				ORGANIZATIONNAME = hpd;
				TargetAttributes = {
					EAFC7646231EAFEF00F528D3 = {
						CreatedOnToolsVersion = 10.2.1;
					};
					EAFC765D231EAFF100F528D3 = {
						CreatedOnToolsVersion = 10.2.1;
						TestTargetID = EAFC7646231EAFEF00F528D3;
					};
					EAFC7668231EAFF100F528D3 = {
						CreatedOnToolsVersion = 10.2.1;
						TestTargetID = EAFC7646231EAFEF00F528D3;
					};
				};
			};
			buildConfigurationList = EAFC7642231EAFEF00F528D3 /* Build configuration list for PBXProject "hpd_ios_demos" */;
			compatibilityVersion = "Xcode 9.3";
			developmentRegion = en;
			hasScannedForEncodings = 0;
			knownRegions = (
				en,
				Base,
			);
			mainGroup = EAFC763E231EAFEF00F528D3;
			productRefGroup = EAFC7648231EAFEF00F528D3 /* Products */;
			projectDirPath = "";
			projectRoot = "";
			targets = (
				EAFC7646231EAFEF00F528D3 /* hpd_ios_demos */,
				EAFC765D231EAFF100F528D3 /* hpd_ios_demosTests */,
				EAFC7668231EAFF100F528D3 /* hpd_ios_demosUITests */,
			);
		};
/* End PBXProject section */

/* Begin PBXResourcesBuildPhase section */
		EAFC7645231EAFEF00F528D3 /* Resources */ = {
			isa = PBXResourcesBuildPhase;
			buildActionMask = 2147483647;
			files = (
				EAFC7689231EB3B700F528D3 /* LayoutViewController.xib in Resources */,
				EAB5BEB1235AEE2C00A83B19 /* HCPHomeViewController.xib in Resources */,
				EAFC7684231EB32200F528D3 /* AutoWrapViewController.xib in Resources */,
				EAFC7658231EAFF100F528D3 /* LaunchScreen.storyboard in Resources */,
				EA6D7DE2232A46BE009A989C /* MainTabBarController.xib in Resources */,
				EAFC767F231EB0E000F528D3 /* RichTextViewController.xib in Resources */,
				EA52B7FB2322287900E1A91F /* CardViewController.xib in Resources */,
				EAFC7655231EAFF100F528D3 /* Assets.xcassets in Resources */,
				EA6D7DDE232A447A009A989C /* HCPRefreshViewController.xib in Resources */,
				EAFC7650231EAFEF00F528D3 /* Main.storyboard in Resources */,
			);
			runOnlyForDeploymentPostprocessing = 0;
		};
		EAFC765C231EAFF100F528D3 /* Resources */ = {
			isa = PBXResourcesBuildPhase;
			buildActionMask = 2147483647;
			files = (
			);
			runOnlyForDeploymentPostprocessing = 0;
		};
		EAFC7667231EAFF100F528D3 /* Resources */ = {
			isa = PBXResourcesBuildPhase;
			buildActionMask = 2147483647;
			files = (
			);
			runOnlyForDeploymentPostprocessing = 0;
		};
/* End PBXResourcesBuildPhase section */

/* Begin PBXShellScriptBuildPhase section */
		2C1BE5C46A8DF9FA556B4B2F /* [CP] Check Pods Manifest.lock */ = {
			isa = PBXShellScriptBuildPhase;
			buildActionMask = 2147483647;
			files = (
			);
			inputFileListPaths = (
			);
			inputPaths = (
				"${PODS_PODFILE_DIR_PATH}/Podfile.lock",
				"${PODS_ROOT}/Manifest.lock",
			);
			name = "[CP] Check Pods Manifest.lock";
			outputFileListPaths = (
			);
			outputPaths = (
				"$(DERIVED_FILE_DIR)/Pods-hpd_ios_demosUITests-checkManifestLockResult.txt",
			);
			runOnlyForDeploymentPostprocessing = 0;
			shellPath = /bin/sh;
			shellScript = "diff \"${PODS_PODFILE_DIR_PATH}/Podfile.lock\" \"${PODS_ROOT}/Manifest.lock\" > /dev/null\nif [ $? != 0 ] ; then\n    # print error to STDERR\n    echo \"error: The sandbox is not in sync with the Podfile.lock. Run 'pod install' or update your CocoaPods installation.\" >&2\n    exit 1\nfi\n# This output is used by Xcode 'outputs' to avoid re-running this script phase.\necho \"SUCCESS\" > \"${SCRIPT_OUTPUT_FILE_0}\"\n";
			showEnvVarsInLog = 0;
		};
		2CB0FD0DCF05F963567F8A93 /* [CP] Copy Pods Resources */ = {
			isa = PBXShellScriptBuildPhase;
			buildActionMask = 2147483647;
			files = (
			);
			inputFileListPaths = (
				"${PODS_ROOT}/Target Support Files/Pods-hpd_ios_demos/Pods-hpd_ios_demos-resources-${CONFIGURATION}-input-files.xcfilelist",
			);
			name = "[CP] Copy Pods Resources";
			outputFileListPaths = (
				"${PODS_ROOT}/Target Support Files/Pods-hpd_ios_demos/Pods-hpd_ios_demos-resources-${CONFIGURATION}-output-files.xcfilelist",
			);
			runOnlyForDeploymentPostprocessing = 0;
			shellPath = /bin/sh;
			shellScript = "\"${PODS_ROOT}/Target Support Files/Pods-hpd_ios_demos/Pods-hpd_ios_demos-resources.sh\"\n";
			showEnvVarsInLog = 0;
		};
		66878526576DA34D2CA455E5 /* [CP] Check Pods Manifest.lock */ = {
			isa = PBXShellScriptBuildPhase;
			buildActionMask = 2147483647;
			files = (
			);
			inputFileListPaths = (
			);
			inputPaths = (
				"${PODS_PODFILE_DIR_PATH}/Podfile.lock",
				"${PODS_ROOT}/Manifest.lock",
			);
			name = "[CP] Check Pods Manifest.lock";
			outputFileListPaths = (
			);
			outputPaths = (
				"$(DERIVED_FILE_DIR)/Pods-hpd_ios_demos-checkManifestLockResult.txt",
			);
			runOnlyForDeploymentPostprocessing = 0;
			shellPath = /bin/sh;
			shellScript = "diff \"${PODS_PODFILE_DIR_PATH}/Podfile.lock\" \"${PODS_ROOT}/Manifest.lock\" > /dev/null\nif [ $? != 0 ] ; then\n    # print error to STDERR\n    echo \"error: The sandbox is not in sync with the Podfile.lock. Run 'pod install' or update your CocoaPods installation.\" >&2\n    exit 1\nfi\n# This output is used by Xcode 'outputs' to avoid re-running this script phase.\necho \"SUCCESS\" > \"${SCRIPT_OUTPUT_FILE_0}\"\n";
			showEnvVarsInLog = 0;
		};
		900BDC46DB70CE218F27ADA5 /* [CP] Embed Pods Frameworks */ = {
			isa = PBXShellScriptBuildPhase;
			buildActionMask = 2147483647;
			files = (
			);
			inputFileListPaths = (
				"${PODS_ROOT}/Target Support Files/Pods-hpd_ios_demos/Pods-hpd_ios_demos-frameworks-${CONFIGURATION}-input-files.xcfilelist",
			);
			name = "[CP] Embed Pods Frameworks";
			outputFileListPaths = (
				"${PODS_ROOT}/Target Support Files/Pods-hpd_ios_demos/Pods-hpd_ios_demos-frameworks-${CONFIGURATION}-output-files.xcfilelist",
			);
			runOnlyForDeploymentPostprocessing = 0;
			shellPath = /bin/sh;
			shellScript = "\"${PODS_ROOT}/Target Support Files/Pods-hpd_ios_demos/Pods-hpd_ios_demos-frameworks.sh\"\n";
			showEnvVarsInLog = 0;
		};
		C36CCA1CBB1F74D0FB6E0F46 /* [CP] Check Pods Manifest.lock */ = {
			isa = PBXShellScriptBuildPhase;
			buildActionMask = 2147483647;
			files = (
			);
			inputFileListPaths = (
			);
			inputPaths = (
				"${PODS_PODFILE_DIR_PATH}/Podfile.lock",
				"${PODS_ROOT}/Manifest.lock",
			);
			name = "[CP] Check Pods Manifest.lock";
			outputFileListPaths = (
			);
			outputPaths = (
				"$(DERIVED_FILE_DIR)/Pods-hpd_ios_demosTests-checkManifestLockResult.txt",
			);
			runOnlyForDeploymentPostprocessing = 0;
			shellPath = /bin/sh;
			shellScript = "diff \"${PODS_PODFILE_DIR_PATH}/Podfile.lock\" \"${PODS_ROOT}/Manifest.lock\" > /dev/null\nif [ $? != 0 ] ; then\n    # print error to STDERR\n    echo \"error: The sandbox is not in sync with the Podfile.lock. Run 'pod install' or update your CocoaPods installation.\" >&2\n    exit 1\nfi\n# This output is used by Xcode 'outputs' to avoid re-running this script phase.\necho \"SUCCESS\" > \"${SCRIPT_OUTPUT_FILE_0}\"\n";
			showEnvVarsInLog = 0;
		};
/* End PBXShellScriptBuildPhase section */

/* Begin PBXSourcesBuildPhase section */
		EAFC7643231EAFEF00F528D3 /* Sources */ = {
			isa = PBXSourcesBuildPhase;
			buildActionMask = 2147483647;
			files = (
				EA12789E24691D5C005B2685 /* ChatMessageEntity.swift in Sources */,
				EA235E5E23654AE80033EAE0 /* BezierDemoView.swift in Sources */,
				EA400826260C72F000B371B3 /* SynthesisScoreView.swift in Sources */,
				EA6D7DDD232A447A009A989C /* HCPRefreshViewController.swift in Sources */,
				EAFE9F4B24512D3000E1443D /* VideoViewController.swift in Sources */,
				EA482E9D241931F40064CBB6 /* BaseViewController.swift in Sources */,
				EA482E962417E6BC0064CBB6 /* BaseViewWithNavBarController.swift in Sources */,
				EA482E9A241915B20064CBB6 /* BaseNavigationViewController.swift in Sources */,
				EA199C3D242DAFEE0028D595 /* TitlePagerView.swift in Sources */,
				EA235E5C23654A4D0033EAE0 /* BezierPathViewController.swift in Sources */,
				EA482E982417F0BB0064CBB6 /* HCPNavigation2ViewController.swift in Sources */,
				EAFC7653231EAFEF00F528D3 /* hpd_ios_demos.xcdatamodeld in Sources */,
				EAF2F8F823C822A9002DAF6F /* HCPLazyLoadViewController.swift in Sources */,
				EA6110AF24193A9C001E2139 /* UIDevice+Extensions.swift in Sources */,
				EA109E9F24693170009291B9 /* HuanTuoLiveViewController.swift in Sources */,
				EA6D7DE1232A46BE009A989C /* MainTabBarController.swift in Sources */,
				EA52B7FD232228F500E1A91F /* CardView.swift in Sources */,
				EA12DF3524134B5A00369941 /* HCPTabBarController.swift in Sources */,
				EAFC767E231EB0E000F528D3 /* RichTextViewController.swift in Sources */,
				EAF2F8F623C820EE002DAF6F /* LazyLoadViewController.swift in Sources */,
				EA65CEE823D439FE007FC7BC /* Page1ViewController.swift in Sources */,
				EAFC764D231EAFEF00F528D3 /* ViewController.swift in Sources */,
				EA6D7DE4232A4927009A989C /* HCPTouchView.swift in Sources */,
				EA64178023CC7166007BE209 /* SkeletonViewController.swift in Sources */,
				EAB5BEA52359A45A00A83B19 /* HCPTouchScrollView.swift in Sources */,
				EA158AD723C88366004C0E73 /* HCPLazyLoadScrollView.swift in Sources */,
				EA482E942417D8CE0064CBB6 /* HCPNavigation1ViewController.swift in Sources */,
				EAFC764B231EAFEF00F528D3 /* AppDelegate.swift in Sources */,
				EA65CEEA23D43A22007FC7BC /* Page2ViewController.swift in Sources */,
				EAB5BEA92359AB4700A83B19 /* HCPTouch2TableView.swift in Sources */,
				EAB5BEAD235AAEB500A83B19 /* HCPTouchTableViewCell.swift in Sources */,
				EA52B7FA2322287900E1A91F /* CardViewController.swift in Sources */,
				EAFC768B231EB8F200F528D3 /* AutoWrapView.swift in Sources */,
				EA3456E2246549EA00E45F5C /* HuanTuoViewController.swift in Sources */,
				EA40081E260C72D700B371B3 /* SynthesisScoreViewController.swift in Sources */,
				EAFC7688231EB3B700F528D3 /* LayoutViewController.swift in Sources */,
				EA12DF3724139C1D00369941 /* HCPTabBarItemView.swift in Sources */,
				EAFC7683231EB32200F528D3 /* AutoWrapViewController.swift in Sources */,
				EA109E9C2469248D009291B9 /* ChatMessageTableViewCell.swift in Sources */,
				EAB5BEB0235AEE2C00A83B19 /* HCPHomeViewController.swift in Sources */,
				EAB5BEAB235AA65B00A83B19 /* HCTapGestureRecognizer.swift in Sources */,
				EAAED36C235969A300D714D0 /* HCPTouchTableView.swift in Sources */,
			);
			runOnlyForDeploymentPostprocessing = 0;
		};
		EAFC765A231EAFF100F528D3 /* Sources */ = {
			isa = PBXSourcesBuildPhase;
			buildActionMask = 2147483647;
			files = (
				EAFC7663231EAFF100F528D3 /* hpd_ios_demosTests.swift in Sources */,
			);
			runOnlyForDeploymentPostprocessing = 0;
		};
		EAFC7665231EAFF100F528D3 /* Sources */ = {
			isa = PBXSourcesBuildPhase;
			buildActionMask = 2147483647;
			files = (
				EAFC766E231EAFF100F528D3 /* hpd_ios_demosUITests.swift in Sources */,
			);
			runOnlyForDeploymentPostprocessing = 0;
		};
/* End PBXSourcesBuildPhase section */

/* Begin PBXTargetDependency section */
		EAFC7660231EAFF100F528D3 /* PBXTargetDependency */ = {
			isa = PBXTargetDependency;
			target = EAFC7646231EAFEF00F528D3 /* hpd_ios_demos */;
			targetProxy = EAFC765F231EAFF100F528D3 /* PBXContainerItemProxy */;
		};
		EAFC766B231EAFF100F528D3 /* PBXTargetDependency */ = {
			isa = PBXTargetDependency;
			target = EAFC7646231EAFEF00F528D3 /* hpd_ios_demos */;
			targetProxy = EAFC766A231EAFF100F528D3 /* PBXContainerItemProxy */;
		};
/* End PBXTargetDependency section */

/* Begin PBXVariantGroup section */
		EAFC764E231EAFEF00F528D3 /* Main.storyboard */ = {
			isa = PBXVariantGroup;
			children = (
				EAFC764F231EAFEF00F528D3 /* Base */,
			);
			name = Main.storyboard;
			sourceTree = "<group>";
		};
		EAFC7656231EAFF100F528D3 /* LaunchScreen.storyboard */ = {
			isa = PBXVariantGroup;
			children = (
				EAFC7657231EAFF100F528D3 /* Base */,
			);
			name = LaunchScreen.storyboard;
			sourceTree = "<group>";
		};
/* End PBXVariantGroup section */

/* Begin XCBuildConfiguration section */
		EAFC7670231EAFF100F528D3 /* Debug */ = {
			isa = XCBuildConfiguration;
			buildSettings = {
				ALWAYS_SEARCH_USER_PATHS = NO;
				CLANG_ANALYZER_NONNULL = YES;
				CLANG_ANALYZER_NUMBER_OBJECT_CONVERSION = YES_AGGRESSIVE;
				CLANG_CXX_LANGUAGE_STANDARD = "gnu++14";
				CLANG_CXX_LIBRARY = "libc++";
				CLANG_ENABLE_MODULES = YES;
				CLANG_ENABLE_OBJC_ARC = YES;
				CLANG_ENABLE_OBJC_WEAK = YES;
				CLANG_WARN_BLOCK_CAPTURE_AUTORELEASING = YES;
				CLANG_WARN_BOOL_CONVERSION = YES;
				CLANG_WARN_COMMA = YES;
				CLANG_WARN_CONSTANT_CONVERSION = YES;
				CLANG_WARN_DEPRECATED_OBJC_IMPLEMENTATIONS = YES;
				CLANG_WARN_DIRECT_OBJC_ISA_USAGE = YES_ERROR;
				CLANG_WARN_DOCUMENTATION_COMMENTS = YES;
				CLANG_WARN_EMPTY_BODY = YES;
				CLANG_WARN_ENUM_CONVERSION = YES;
				CLANG_WARN_INFINITE_RECURSION = YES;
				CLANG_WARN_INT_CONVERSION = YES;
				CLANG_WARN_NON_LITERAL_NULL_CONVERSION = YES;
				CLANG_WARN_OBJC_IMPLICIT_RETAIN_SELF = YES;
				CLANG_WARN_OBJC_LITERAL_CONVERSION = YES;
				CLANG_WARN_OBJC_ROOT_CLASS = YES_ERROR;
				CLANG_WARN_RANGE_LOOP_ANALYSIS = YES;
				CLANG_WARN_STRICT_PROTOTYPES = YES;
				CLANG_WARN_SUSPICIOUS_MOVE = YES;
				CLANG_WARN_UNGUARDED_AVAILABILITY = YES_AGGRESSIVE;
				CLANG_WARN_UNREACHABLE_CODE = YES;
				CLANG_WARN__DUPLICATE_METHOD_MATCH = YES;
				CODE_SIGN_IDENTITY = "iPhone Developer";
				COPY_PHASE_STRIP = NO;
				DEBUG_INFORMATION_FORMAT = dwarf;
				ENABLE_STRICT_OBJC_MSGSEND = YES;
				ENABLE_TESTABILITY = YES;
				GCC_C_LANGUAGE_STANDARD = gnu11;
				GCC_DYNAMIC_NO_PIC = NO;
				GCC_NO_COMMON_BLOCKS = YES;
				GCC_OPTIMIZATION_LEVEL = 0;
				GCC_PREPROCESSOR_DEFINITIONS = (
					"DEBUG=1",
					"$(inherited)",
				);
				GCC_WARN_64_TO_32_BIT_CONVERSION = YES;
				GCC_WARN_ABOUT_RETURN_TYPE = YES_ERROR;
				GCC_WARN_UNDECLARED_SELECTOR = YES;
				GCC_WARN_UNINITIALIZED_AUTOS = YES_AGGRESSIVE;
				GCC_WARN_UNUSED_FUNCTION = YES;
				GCC_WARN_UNUSED_VARIABLE = YES;
				IPHONEOS_DEPLOYMENT_TARGET = 12.2;
				MTL_ENABLE_DEBUG_INFO = INCLUDE_SOURCE;
				MTL_FAST_MATH = YES;
				ONLY_ACTIVE_ARCH = YES;
				SDKROOT = iphoneos;
				SWIFT_ACTIVE_COMPILATION_CONDITIONS = DEBUG;
				SWIFT_OPTIMIZATION_LEVEL = "-Onone";
			};
			name = Debug;
		};
		EAFC7671231EAFF100F528D3 /* Release */ = {
			isa = XCBuildConfiguration;
			buildSettings = {
				ALWAYS_SEARCH_USER_PATHS = NO;
				CLANG_ANALYZER_NONNULL = YES;
				CLANG_ANALYZER_NUMBER_OBJECT_CONVERSION = YES_AGGRESSIVE;
				CLANG_CXX_LANGUAGE_STANDARD = "gnu++14";
				CLANG_CXX_LIBRARY = "libc++";
				CLANG_ENABLE_MODULES = YES;
				CLANG_ENABLE_OBJC_ARC = YES;
				CLANG_ENABLE_OBJC_WEAK = YES;
				CLANG_WARN_BLOCK_CAPTURE_AUTORELEASING = YES;
				CLANG_WARN_BOOL_CONVERSION = YES;
				CLANG_WARN_COMMA = YES;
				CLANG_WARN_CONSTANT_CONVERSION = YES;
				CLANG_WARN_DEPRECATED_OBJC_IMPLEMENTATIONS = YES;
				CLANG_WARN_DIRECT_OBJC_ISA_USAGE = YES_ERROR;
				CLANG_WARN_DOCUMENTATION_COMMENTS = YES;
				CLANG_WARN_EMPTY_BODY = YES;
				CLANG_WARN_ENUM_CONVERSION = YES;
				CLANG_WARN_INFINITE_RECURSION = YES;
				CLANG_WARN_INT_CONVERSION = YES;
				CLANG_WARN_NON_LITERAL_NULL_CONVERSION = YES;
				CLANG_WARN_OBJC_IMPLICIT_RETAIN_SELF = YES;
				CLANG_WARN_OBJC_LITERAL_CONVERSION = YES;
				CLANG_WARN_OBJC_ROOT_CLASS = YES_ERROR;
				CLANG_WARN_RANGE_LOOP_ANALYSIS = YES;
				CLANG_WARN_STRICT_PROTOTYPES = YES;
				CLANG_WARN_SUSPICIOUS_MOVE = YES;
				CLANG_WARN_UNGUARDED_AVAILABILITY = YES_AGGRESSIVE;
				CLANG_WARN_UNREACHABLE_CODE = YES;
				CLANG_WARN__DUPLICATE_METHOD_MATCH = YES;
				CODE_SIGN_IDENTITY = "iPhone Developer";
				COPY_PHASE_STRIP = NO;
				DEBUG_INFORMATION_FORMAT = "dwarf-with-dsym";
				ENABLE_NS_ASSERTIONS = NO;
				ENABLE_STRICT_OBJC_MSGSEND = YES;
				GCC_C_LANGUAGE_STANDARD = gnu11;
				GCC_NO_COMMON_BLOCKS = YES;
				GCC_WARN_64_TO_32_BIT_CONVERSION = YES;
				GCC_WARN_ABOUT_RETURN_TYPE = YES_ERROR;
				GCC_WARN_UNDECLARED_SELECTOR = YES;
				GCC_WARN_UNINITIALIZED_AUTOS = YES_AGGRESSIVE;
				GCC_WARN_UNUSED_FUNCTION = YES;
				GCC_WARN_UNUSED_VARIABLE = YES;
				IPHONEOS_DEPLOYMENT_TARGET = 12.2;
				MTL_ENABLE_DEBUG_INFO = NO;
				MTL_FAST_MATH = YES;
				SDKROOT = iphoneos;
				SWIFT_COMPILATION_MODE = wholemodule;
				SWIFT_OPTIMIZATION_LEVEL = "-O";
				VALIDATE_PRODUCT = YES;
			};
			name = Release;
		};
		EAFC7673231EAFF100F528D3 /* Debug */ = {
			isa = XCBuildConfiguration;
			baseConfigurationReference = 737BD3B8885DE3E3E6E673DE /* Pods-hpd_ios_demos.debug.xcconfig */;
			buildSettings = {
				ASSETCATALOG_COMPILER_APPICON_NAME = AppIcon;
				CODE_SIGN_STYLE = Automatic;
				DEVELOPMENT_TEAM = 2D2BXPCBY8;
				ENABLE_BITCODE = NO;
				FRAMEWORK_SEARCH_PATHS = (
					"$(inherited)",
					"$(PROJECT_DIR)/hpd_ios_demos/欢拓/SDK",
				);
				INFOPLIST_FILE = hpd_ios_demos/Info.plist;
				LD_RUNPATH_SEARCH_PATHS = (
					"$(inherited)",
					"@executable_path/Frameworks",
				);
				PRODUCT_BUNDLE_IDENTIFIER = "com.hpd.hpd-ios-demos";
				PRODUCT_NAME = "$(TARGET_NAME)";
				SWIFT_OBJC_BRIDGING_HEADER = hpd_ios_demos/Header.h;
				SWIFT_VERSION = 5.0;
				TARGETED_DEVICE_FAMILY = "1,2";
			};
			name = Debug;
		};
		EAFC7674231EAFF100F528D3 /* Release */ = {
			isa = XCBuildConfiguration;
			baseConfigurationReference = 3ED900945ADB28CC0C810A8B /* Pods-hpd_ios_demos.release.xcconfig */;
			buildSettings = {
				ASSETCATALOG_COMPILER_APPICON_NAME = AppIcon;
				CODE_SIGN_STYLE = Automatic;
				DEVELOPMENT_TEAM = 2D2BXPCBY8;
				ENABLE_BITCODE = NO;
				FRAMEWORK_SEARCH_PATHS = (
					"$(inherited)",
					"$(PROJECT_DIR)/hpd_ios_demos/欢拓/SDK",
				);
				INFOPLIST_FILE = hpd_ios_demos/Info.plist;
				LD_RUNPATH_SEARCH_PATHS = (
					"$(inherited)",
					"@executable_path/Frameworks",
				);
				PRODUCT_BUNDLE_IDENTIFIER = "com.hpd.hpd-ios-demos";
				PRODUCT_NAME = "$(TARGET_NAME)";
				SWIFT_OBJC_BRIDGING_HEADER = hpd_ios_demos/Header.h;
				SWIFT_VERSION = 5.0;
				TARGETED_DEVICE_FAMILY = "1,2";
			};
			name = Release;
		};
		EAFC7676231EAFF100F528D3 /* Debug */ = {
			isa = XCBuildConfiguration;
			baseConfigurationReference = 193169E67C48570606F4B3E2 /* Pods-hpd_ios_demosTests.debug.xcconfig */;
			buildSettings = {
				ALWAYS_EMBED_SWIFT_STANDARD_LIBRARIES = YES;
				BUNDLE_LOADER = "$(TEST_HOST)";
				CODE_SIGN_STYLE = Automatic;
				DEVELOPMENT_TEAM = 2D2BXPCBY8;
				INFOPLIST_FILE = hpd_ios_demosTests/Info.plist;
				LD_RUNPATH_SEARCH_PATHS = (
					"$(inherited)",
					"@executable_path/Frameworks",
					"@loader_path/Frameworks",
				);
				PRODUCT_BUNDLE_IDENTIFIER = "com.hpd.hpd-ios-demosTests";
				PRODUCT_NAME = "$(TARGET_NAME)";
				SWIFT_VERSION = 5.0;
				TARGETED_DEVICE_FAMILY = "1,2";
				TEST_HOST = "$(BUILT_PRODUCTS_DIR)/hpd_ios_demos.app/hpd_ios_demos";
			};
			name = Debug;
		};
		EAFC7677231EAFF100F528D3 /* Release */ = {
			isa = XCBuildConfiguration;
			baseConfigurationReference = B44A56D20E0AEB24B80BA24C /* Pods-hpd_ios_demosTests.release.xcconfig */;
			buildSettings = {
				ALWAYS_EMBED_SWIFT_STANDARD_LIBRARIES = YES;
				BUNDLE_LOADER = "$(TEST_HOST)";
				CODE_SIGN_STYLE = Automatic;
				DEVELOPMENT_TEAM = 2D2BXPCBY8;
				INFOPLIST_FILE = hpd_ios_demosTests/Info.plist;
				LD_RUNPATH_SEARCH_PATHS = (
					"$(inherited)",
					"@executable_path/Frameworks",
					"@loader_path/Frameworks",
				);
				PRODUCT_BUNDLE_IDENTIFIER = "com.hpd.hpd-ios-demosTests";
				PRODUCT_NAME = "$(TARGET_NAME)";
				SWIFT_VERSION = 5.0;
				TARGETED_DEVICE_FAMILY = "1,2";
				TEST_HOST = "$(BUILT_PRODUCTS_DIR)/hpd_ios_demos.app/hpd_ios_demos";
			};
			name = Release;
		};
		EAFC7679231EAFF100F528D3 /* Debug */ = {
			isa = XCBuildConfiguration;
			baseConfigurationReference = 1AD3A105B76DADA9BA10A235 /* Pods-hpd_ios_demosUITests.debug.xcconfig */;
			buildSettings = {
				ALWAYS_EMBED_SWIFT_STANDARD_LIBRARIES = YES;
				CODE_SIGN_STYLE = Automatic;
				DEVELOPMENT_TEAM = 2D2BXPCBY8;
				INFOPLIST_FILE = hpd_ios_demosUITests/Info.plist;
				LD_RUNPATH_SEARCH_PATHS = (
					"$(inherited)",
					"@executable_path/Frameworks",
					"@loader_path/Frameworks",
				);
				PRODUCT_BUNDLE_IDENTIFIER = "com.hpd.hpd-ios-demosUITests";
				PRODUCT_NAME = "$(TARGET_NAME)";
				SWIFT_VERSION = 5.0;
				TARGETED_DEVICE_FAMILY = "1,2";
				TEST_TARGET_NAME = hpd_ios_demos;
			};
			name = Debug;
		};
		EAFC767A231EAFF100F528D3 /* Release */ = {
			isa = XCBuildConfiguration;
			baseConfigurationReference = 424F50F5826DDA0CB246EB47 /* Pods-hpd_ios_demosUITests.release.xcconfig */;
			buildSettings = {
				ALWAYS_EMBED_SWIFT_STANDARD_LIBRARIES = YES;
				CODE_SIGN_STYLE = Automatic;
				DEVELOPMENT_TEAM = 2D2BXPCBY8;
				INFOPLIST_FILE = hpd_ios_demosUITests/Info.plist;
				LD_RUNPATH_SEARCH_PATHS = (
					"$(inherited)",
					"@executable_path/Frameworks",
					"@loader_path/Frameworks",
				);
				PRODUCT_BUNDLE_IDENTIFIER = "com.hpd.hpd-ios-demosUITests";
				PRODUCT_NAME = "$(TARGET_NAME)";
				SWIFT_VERSION = 5.0;
				TARGETED_DEVICE_FAMILY = "1,2";
				TEST_TARGET_NAME = hpd_ios_demos;
			};
			name = Release;
		};
/* End XCBuildConfiguration section */

/* Begin XCConfigurationList section */
		EAFC7642231EAFEF00F528D3 /* Build configuration list for PBXProject "hpd_ios_demos" */ = {
			isa = XCConfigurationList;
			buildConfigurations = (
				EAFC7670231EAFF100F528D3 /* Debug */,
				EAFC7671231EAFF100F528D3 /* Release */,
			);
			defaultConfigurationIsVisible = 0;
			defaultConfigurationName = Release;
		};
		EAFC7672231EAFF100F528D3 /* Build configuration list for PBXNativeTarget "hpd_ios_demos" */ = {
			isa = XCConfigurationList;
			buildConfigurations = (
				EAFC7673231EAFF100F528D3 /* Debug */,
				EAFC7674231EAFF100F528D3 /* Release */,
			);
			defaultConfigurationIsVisible = 0;
			defaultConfigurationName = Release;
		};
		EAFC7675231EAFF100F528D3 /* Build configuration list for PBXNativeTarget "hpd_ios_demosTests" */ = {
			isa = XCConfigurationList;
			buildConfigurations = (
				EAFC7676231EAFF100F528D3 /* Debug */,
				EAFC7677231EAFF100F528D3 /* Release */,
			);
			defaultConfigurationIsVisible = 0;
			defaultConfigurationName = Release;
		};
		EAFC7678231EAFF100F528D3 /* Build configuration list for PBXNativeTarget "hpd_ios_demosUITests" */ = {
			isa = XCConfigurationList;
			buildConfigurations = (
				EAFC7679231EAFF100F528D3 /* Debug */,
				EAFC767A231EAFF100F528D3 /* Release */,
			);
			defaultConfigurationIsVisible = 0;
			defaultConfigurationName = Release;
		};
/* End XCConfigurationList section */

/* Begin XCVersionGroup section */
		EAFC7651231EAFEF00F528D3 /* hpd_ios_demos.xcdatamodeld */ = {
			isa = XCVersionGroup;
			children = (
				EAFC7652231EAFEF00F528D3 /* hpd_ios_demos.xcdatamodel */,
			);
			currentVersion = EAFC7652231EAFEF00F528D3 /* hpd_ios_demos.xcdatamodel */;
			path = hpd_ios_demos.xcdatamodeld;
			sourceTree = "<group>";
			versionGroupType = wrapper.xcdatamodel;
		};
/* End XCVersionGroup section */
	};
	rootObject = EAFC763F231EAFEF00F528D3 /* Project object */;
}
